
Microsoft Visual Studio Solution File, Format Version 12.00
# Visual Studio Version 16
VisualStudioVersion = 16.0.31911.196
MinimumVisualStudioVersion = 10.0.40219.1
Project("{FAE04EC0-301F-11D3-BF4B-00C04F79EFBC}") = "PeriodicReminder", "PeriodicReminder\PeriodicReminder.csproj", "{673E1C90-9166-4F8F-B8C4-E6D5323B7042}"
EndProject
Global
	GlobalSection(SolutionConfigurationPlatforms) = preSolution
		Debug|Any CPU = Debug|Any CPU
		Release|Any CPU = Release|Any CPU
	EndGlobalSection
	GlobalSection(ProjectConfigurationPlatforms) = postSolution
		{673E1C90-9166-4F8F-B8C4-E6D5323B7042}.Debug|Any CPU.ActiveCfg = Debug|Any CPU
		{673E1C90-9166-4F8F-B8C4-E6D5323B7042}.Debug|Any CPU.Build.0 = Debug|Any CPU
		{673E1C90-9166-4F8F-B8C4-E6D5323B7042}.Release|Any CPU.ActiveCfg = Release|Any CPU
		{673E1C90-9166-4F8F-B8C4-E6D5323B7042}.Release|Any CPU.Build.0 = Release|Any CPU
	EndGlobalSection
	GlobalSection(SolutionProperties) = preSolution
		HideSolutionNode = FALSE
	EndGlobalSection
	GlobalSection(ExtensibilityGlobals) = postSolution
		SolutionGuid = {1A6A14A0-7D56-44C2-BC85-2CF58E432CEC}
	EndGlobalSection
EndGlobal
